
Microsoft Visual Studio Solution File, Format Version 12.00
# Visual Studio Version 17
VisualStudioVersion = 17.12.35506.116
MinimumVisualStudioVersion = 10.0.40219.1
Project("{2150E333-8FDC-42A3-9474-1A3956D46DE8}") = ".docs", ".docs", "{25A253C7-37C1-4665-8456-20D8AD1C90EB}"
	ProjectSection(SolutionItems) = preProject
		LICENSE = LICENSE
		readme.md = readme.md
	EndProjectSection
EndProject
Project("{2150E333-8FDC-42A3-9474-1A3956D46DE8}") = ".config", ".config", "{62B696A9-D903-4211-AE85-C1198FF372E4}"
	ProjectSection(SolutionItems) = preProject
		.editorconfig = .editorconfig
		.gitattributes = .gitattributes
		.gitignore = .gitignore
		Directory.Build.props = Directory.Build.props
	EndProjectSection
EndProject
Project("{2150E333-8FDC-42A3-9474-1A3956D46DE8}") = "src", "src", "{6E60B3D9-C527-4DCF-BE85-9DD1AD502643}"
EndProject
Project("{2150E333-8FDC-42A3-9474-1A3956D46DE8}") = "tests", "tests", "{2569AC18-B196-49C8-B3E1-78ABA8148CDC}"
EndProject
Project("{2150E333-8FDC-42A3-9474-1A3956D46DE8}") = "unit", "unit", "{5B0FA313-655F-466D-8376-E126871A30E2}"
EndProject
Project("{FAE04EC0-301F-11D3-BF4B-00C04F79EFBC}") = "Syrx.Commanders.Databases", "src\Syrx.Commanders.Databases\Syrx.Commanders.Databases.csproj", "{A084FFC1-325D-4D1E-94C2-1369C8FC737F}"
EndProject
Project("{FAE04EC0-301F-11D3-BF4B-00C04F79EFBC}") = "Syrx.Commanders.Databases.Builders", "src\Syrx.Commanders.Databases.Builders\Syrx.Commanders.Databases.Builders.csproj", "{ACF68121-D323-42C4-9D63-4334D6D8D497}"
EndProject
Project("{FAE04EC0-301F-11D3-BF4B-00C04F79EFBC}") = "Syrx.Commanders.Databases.Connectors", "src\Syrx.Commanders.Databases.Connectors\Syrx.Commanders.Databases.Connectors.csproj", "{9D606D22-DE39-499E-AE64-BD0B392AB941}"
EndProject
Project("{FAE04EC0-301F-11D3-BF4B-00C04F79EFBC}") = "Syrx.Commanders.Databases.Connectors.Extensions", "src\Syrx.Commanders.Databases.Connectors.Extensions\Syrx.Commanders.Databases.Connectors.Extensions.csproj", "{B78142E6-D917-4F24-9152-0D14A7F19692}"
EndProject
Project("{FAE04EC0-301F-11D3-BF4B-00C04F79EFBC}") = "Syrx.Commanders.Databases.Extensions", "src\Syrx.Commanders.Databases.Extensions\Syrx.Commanders.Databases.Extensions.csproj", "{7C7D9B6E-ECA3-4623-AC03-69D71EDE4BFF}"
EndProject
Project("{FAE04EC0-301F-11D3-BF4B-00C04F79EFBC}") = "Syrx.Commanders.Databases.Settings", "src\Syrx.Commanders.Databases.Settings\Syrx.Commanders.Databases.Settings.csproj", "{2058D3DA-2090-4EB6-882D-39AA76C8EF8F}"
EndProject
Project("{FAE04EC0-301F-11D3-BF4B-00C04F79EFBC}") = "Syrx.Commanders.Databases.Settings.Extensions", "src\Syrx.Commanders.Databases.Settings.Extensions\Syrx.Commanders.Databases.Settings.Extensions.csproj", "{293EB898-D8A7-4F16-9290-DB5C1FE47B1F}"
EndProject
Project("{FAE04EC0-301F-11D3-BF4B-00C04F79EFBC}") = "Syrx.Commanders.Databases.Settings.Extensions.Json", "src\Syrx.Commanders.Databases.Settings.Extensions.Json\Syrx.Commanders.Databases.Settings.Extensions.Json.csproj", "{949F9D03-93E8-4865-B0B7-B8A2F4820FC7}"
EndProject
Project("{FAE04EC0-301F-11D3-BF4B-00C04F79EFBC}") = "Syrx.Commanders.Databases.Settings.Extensions.Xml", "src\Syrx.Commanders.Databases.Settings.Extensions.Xml\Syrx.Commanders.Databases.Settings.Extensions.Xml.csproj", "{F870D341-0E22-45BF-BF19-009F5427BEFE}"
EndProject
Project("{FAE04EC0-301F-11D3-BF4B-00C04F79EFBC}") = "Syrx.Commanders.Databases.Settings.Readers", "src\Syrx.Commanders.Databases.Settings.Readers\Syrx.Commanders.Databases.Settings.Readers.csproj", "{9621D94F-932E-4F64-BE06-090CA52B5962}"
EndProject
Project("{FAE04EC0-301F-11D3-BF4B-00C04F79EFBC}") = "Syrx.Commanders.Databases.Settings.Readers.Extensions", "src\Syrx.Commanders.Databases.Settings.Readers.Extensions\Syrx.Commanders.Databases.Settings.Readers.Extensions.csproj", "{C101901F-AB5B-4067-BB85-9B3580208158}"
EndProject
Project("{FAE04EC0-301F-11D3-BF4B-00C04F79EFBC}") = "Syrx.Commanders.Databases.Builders.Tests.Unit", "tests\unit\Syrx.Commanders.Databases.Builders.Tests.Unit\Syrx.Commanders.Databases.Builders.Tests.Unit.csproj", "{5B4D65C0-F533-4D7B-8479-F3120C2392EB}"
EndProject
Project("{FAE04EC0-301F-11D3-BF4B-00C04F79EFBC}") = "Syrx.Commanders.Databases.Connectors.Extensions.Tests.Unit", "tests\unit\Syrx.Commanders.Databases.Connectors.Extensions.Tests.Unit\Syrx.Commanders.Databases.Connectors.Extensions.Tests.Unit.csproj", "{C5FED8D1-5099-4229-B23B-EB0C6CBE1B31}"
EndProject
Project("{FAE04EC0-301F-11D3-BF4B-00C04F79EFBC}") = "Syrx.Commanders.Databases.Connectors.Tests.Unit", "tests\unit\Syrx.Commanders.Databases.Connectors.Tests.Unit\Syrx.Commanders.Databases.Connectors.Tests.Unit.csproj", "{1E02139E-898E-4538-8E26-BD8F16102E4D}"
EndProject
Project("{FAE04EC0-301F-11D3-BF4B-00C04F79EFBC}") = "Syrx.Commanders.Databases.Extensions.Tests.Unit", "tests\unit\Syrx.Commanders.Databases.Extensions.Tests.Unit\Syrx.Commanders.Databases.Extensions.Tests.Unit.csproj", "{2DEDC9EE-283F-434C-8D25-4C151BA2F685}"
EndProject
Project("{FAE04EC0-301F-11D3-BF4B-00C04F79EFBC}") = "Syrx.Commanders.Databases.Settings.Extensions.Json.Tests.Unit", "tests\unit\Syrx.Commanders.Databases.Settings.Extensions.Json.Tests.Unit\Syrx.Commanders.Databases.Settings.Extensions.Json.Tests.Unit.csproj", "{820F3F87-080F-442F-A5F1-C1F8BC51C091}"
EndProject
Project("{FAE04EC0-301F-11D3-BF4B-00C04F79EFBC}") = "Syrx.Commanders.Databases.Settings.Extensions.Tests.Unit", "tests\unit\Syrx.Commanders.Databases.Settings.Extensions.Tests.Unit\Syrx.Commanders.Databases.Settings.Extensions.Tests.Unit.csproj", "{C66B0BC5-8818-438E-8B2B-9375891A65D5}"
EndProject
Project("{FAE04EC0-301F-11D3-BF4B-00C04F79EFBC}") = "Syrx.Commanders.Databases.Settings.Extensions.Xml.Tests.Unit", "tests\unit\Syrx.Commanders.Databases.Settings.Extensions.Xml.Tests.Unit\Syrx.Commanders.Databases.Settings.Extensions.Xml.Tests.Unit.csproj", "{04330309-DE66-41BD-8D86-13F2FFD89A20}"
EndProject
Project("{FAE04EC0-301F-11D3-BF4B-00C04F79EFBC}") = "Syrx.Commanders.Databases.Settings.Readers.Extensions.Tests.Unit", "tests\unit\Syrx.Commanders.Databases.Settings.Readers.Extensions.Tests.Unit\Syrx.Commanders.Databases.Settings.Readers.Extensions.Tests.Unit.csproj", "{E5E1BBC8-F9DB-4A80-9ADC-73511997EAF5}"
EndProject
Project("{FAE04EC0-301F-11D3-BF4B-00C04F79EFBC}") = "Syrx.Commanders.Databases.Settings.Readers.Tests.Unit", "tests\unit\Syrx.Commanders.Databases.Settings.Readers.Tests.Unit\Syrx.Commanders.Databases.Settings.Readers.Tests.Unit.csproj", "{A8831FD6-8F9D-48F0-8BCE-9E218B68D115}"
EndProject
Project("{FAE04EC0-301F-11D3-BF4B-00C04F79EFBC}") = "Syrx.Commanders.Databases.Settings.Tests.Unit", "tests\unit\Syrx.Commanders.Databases.Settings.Tests.Unit\Syrx.Commanders.Databases.Settings.Tests.Unit.csproj", "{024675DD-4FC1-41D2-AD34-C83D3E767A17}"
EndProject
Project("{FAE04EC0-301F-11D3-BF4B-00C04F79EFBC}") = "Syrx.Commanders.Databases.Tests.Extensions", "tests\unit\Syrx.Commanders.Databases.Tests.Extensions\Syrx.Commanders.Databases.Tests.Extensions.csproj", "{512E9A90-AD79-4497-9526-BF1076A11DCF}"
EndProject
Project("{FAE04EC0-301F-11D3-BF4B-00C04F79EFBC}") = "Syrx.Commanders.Databases.Tests.Unit", "tests\unit\Syrx.Commanders.Databases.Tests.Unit\Syrx.Commanders.Databases.Tests.Unit.csproj", "{71185BE7-919D-4E24-AC2F-86B95B6457CD}"
EndProject
Project("{2150E333-8FDC-42A3-9474-1A3956D46DE8}") = ".github", ".github", "{383C4438-FEB7-4797-90D1-8C9DC20FB2A5}"
	ProjectSection(SolutionItems) = preProject
		.github\dependabot.yml = .github\dependabot.yml
	EndProjectSection
EndProject
Project("{2150E333-8FDC-42A3-9474-1A3956D46DE8}") = "workflows", "workflows", "{6C8F7C7B-BAEA-4918-A204-1C91BCF0651D}"
	ProjectSection(SolutionItems) = preProject
		.github\workflows\publish.yml = .github\workflows\publish.yml
	EndProjectSection
EndProject
Project("{2150E333-8FDC-42A3-9474-1A3956D46DE8}") = "integration", "integration", "{AB00F7B7-A9D3-42C8-AB64-6E8C4F7F9E14}"
EndProject
Project("{FAE04EC0-301F-11D3-BF4B-00C04F79EFBC}") = "Syrx.Commanders.Databases.Tests.Integration.Models", "tests\integration\Syrx.Commanders.Databases.Tests.Integration.Models\Syrx.Commanders.Databases.Tests.Integration.Models.csproj", "{31986FDE-8C13-4C40-955F-3E2169F196C4}"
EndProject
Project("{FAE04EC0-301F-11D3-BF4B-00C04F79EFBC}") = "Syrx.Commanders.Databases.Tests.Integration", "tests\integration\Syrx.Commanders.Databases.Tests.Integration\Syrx.Commanders.Databases.Tests.Integration.csproj", "{66F655F9-26B0-43C9-8D61-902AF1B1C2BE}"
EndProject
Project("{2150E333-8FDC-42A3-9474-1A3956D46DE8}") = ".submodules", ".submodules", "{737D49E0-A230-4E04-9396-8B47F27FBDF9}"
EndProject
Project("{2150E333-8FDC-42A3-9474-1A3956D46DE8}") = "Syrx", "Syrx", "{2A93399A-246F-4EC8-BAAB-0F386AB6D61D}"
EndProject
Project("{2150E333-8FDC-42A3-9474-1A3956D46DE8}") = "src", "src", "{C0BE7831-EA19-48C0-9E9B-BC783C55ABC5}"
EndProject
Project("{2150E333-8FDC-42A3-9474-1A3956D46DE8}") = "tests", "tests", "{2709C501-9C32-464C-967F-122276B82329}"
EndProject
Project("{2150E333-8FDC-42A3-9474-1A3956D46DE8}") = "unit", "unit", "{9794DACF-09E4-4044-BFDC-678EDC2FC849}"
EndProject
Project("{FAE04EC0-301F-11D3-BF4B-00C04F79EFBC}") = "Syrx", ".submodules\Syrx\src\Syrx\Syrx.csproj", "{B3E647F2-9F96-4858-A64A-04674ECBA2F7}"
EndProject
Project("{FAE04EC0-301F-11D3-BF4B-00C04F79EFBC}") = "Syrx.Connectors", ".submodules\Syrx\src\Syrx.Connectors\Syrx.Connectors.csproj", "{D0024FAD-BD05-4513-A1D3-9E754D0A89CC}"
EndProject
Project("{FAE04EC0-301F-11D3-BF4B-00C04F79EFBC}") = "Syrx.Extensions", ".submodules\Syrx\src\Syrx.Extensions\Syrx.Extensions.csproj", "{8C4017C0-FC7C-4805-B85B-0DA1894A1595}"
EndProject
Project("{FAE04EC0-301F-11D3-BF4B-00C04F79EFBC}") = "Syrx.Readers", ".submodules\Syrx\src\Syrx.Readers\Syrx.Readers.csproj", "{07E73EA0-474B-45CD-A6CB-6A4FE76A6287}"
EndProject
Project("{FAE04EC0-301F-11D3-BF4B-00C04F79EFBC}") = "Syrx.Settings", ".submodules\Syrx\src\Syrx.Settings\Syrx.Settings.csproj", "{307C51E2-C209-4110-AD1F-F0273CA690CD}"
EndProject
Global
	GlobalSection(SolutionConfigurationPlatforms) = preSolution
		Debug|Any CPU = Debug|Any CPU
		Release|Any CPU = Release|Any CPU
	EndGlobalSection
	GlobalSection(ProjectConfigurationPlatforms) = postSolution
		{A084FFC1-325D-4D1E-94C2-1369C8FC737F}.Debug|Any CPU.ActiveCfg = Debug|Any CPU
		{A084FFC1-325D-4D1E-94C2-1369C8FC737F}.Debug|Any CPU.Build.0 = Debug|Any CPU
		{A084FFC1-325D-4D1E-94C2-1369C8FC737F}.Release|Any CPU.ActiveCfg = Release|Any CPU
		{A084FFC1-325D-4D1E-94C2-1369C8FC737F}.Release|Any CPU.Build.0 = Release|Any CPU
		{ACF68121-D323-42C4-9D63-4334D6D8D497}.Debug|Any CPU.ActiveCfg = Debug|Any CPU
		{ACF68121-D323-42C4-9D63-4334D6D8D497}.Debug|Any CPU.Build.0 = Debug|Any CPU
		{ACF68121-D323-42C4-9D63-4334D6D8D497}.Release|Any CPU.ActiveCfg = Release|Any CPU
		{ACF68121-D323-42C4-9D63-4334D6D8D497}.Release|Any CPU.Build.0 = Release|Any CPU
		{9D606D22-DE39-499E-AE64-BD0B392AB941}.Debug|Any CPU.ActiveCfg = Debug|Any CPU
		{9D606D22-DE39-499E-AE64-BD0B392AB941}.Debug|Any CPU.Build.0 = Debug|Any CPU
		{9D606D22-DE39-499E-AE64-BD0B392AB941}.Release|Any CPU.ActiveCfg = Release|Any CPU
		{9D606D22-DE39-499E-AE64-BD0B392AB941}.Release|Any CPU.Build.0 = Release|Any CPU
		{B78142E6-D917-4F24-9152-0D14A7F19692}.Debug|Any CPU.ActiveCfg = Debug|Any CPU
		{B78142E6-D917-4F24-9152-0D14A7F19692}.Debug|Any CPU.Build.0 = Debug|Any CPU
		{B78142E6-D917-4F24-9152-0D14A7F19692}.Release|Any CPU.ActiveCfg = Release|Any CPU
		{B78142E6-D917-4F24-9152-0D14A7F19692}.Release|Any CPU.Build.0 = Release|Any CPU
		{7C7D9B6E-ECA3-4623-AC03-69D71EDE4BFF}.Debug|Any CPU.ActiveCfg = Debug|Any CPU
		{7C7D9B6E-ECA3-4623-AC03-69D71EDE4BFF}.Debug|Any CPU.Build.0 = Debug|Any CPU
		{7C7D9B6E-ECA3-4623-AC03-69D71EDE4BFF}.Release|Any CPU.ActiveCfg = Release|Any CPU
		{7C7D9B6E-ECA3-4623-AC03-69D71EDE4BFF}.Release|Any CPU.Build.0 = Release|Any CPU
		{2058D3DA-2090-4EB6-882D-39AA76C8EF8F}.Debug|Any CPU.ActiveCfg = Debug|Any CPU
		{2058D3DA-2090-4EB6-882D-39AA76C8EF8F}.Debug|Any CPU.Build.0 = Debug|Any CPU
		{2058D3DA-2090-4EB6-882D-39AA76C8EF8F}.Release|Any CPU.ActiveCfg = Release|Any CPU
		{2058D3DA-2090-4EB6-882D-39AA76C8EF8F}.Release|Any CPU.Build.0 = Release|Any CPU
		{293EB898-D8A7-4F16-9290-DB5C1FE47B1F}.Debug|Any CPU.ActiveCfg = Debug|Any CPU
		{293EB898-D8A7-4F16-9290-DB5C1FE47B1F}.Debug|Any CPU.Build.0 = Debug|Any CPU
		{293EB898-D8A7-4F16-9290-DB5C1FE47B1F}.Release|Any CPU.ActiveCfg = Release|Any CPU
		{293EB898-D8A7-4F16-9290-DB5C1FE47B1F}.Release|Any CPU.Build.0 = Release|Any CPU
		{949F9D03-93E8-4865-B0B7-B8A2F4820FC7}.Debug|Any CPU.ActiveCfg = Debug|Any CPU
		{949F9D03-93E8-4865-B0B7-B8A2F4820FC7}.Debug|Any CPU.Build.0 = Debug|Any CPU
		{949F9D03-93E8-4865-B0B7-B8A2F4820FC7}.Release|Any CPU.ActiveCfg = Release|Any CPU
		{949F9D03-93E8-4865-B0B7-B8A2F4820FC7}.Release|Any CPU.Build.0 = Release|Any CPU
		{F870D341-0E22-45BF-BF19-009F5427BEFE}.Debug|Any CPU.ActiveCfg = Debug|Any CPU
		{F870D341-0E22-45BF-BF19-009F5427BEFE}.Debug|Any CPU.Build.0 = Debug|Any CPU
		{F870D341-0E22-45BF-BF19-009F5427BEFE}.Release|Any CPU.ActiveCfg = Release|Any CPU
		{F870D341-0E22-45BF-BF19-009F5427BEFE}.Release|Any CPU.Build.0 = Release|Any CPU
		{9621D94F-932E-4F64-BE06-090CA52B5962}.Debug|Any CPU.ActiveCfg = Debug|Any CPU
		{9621D94F-932E-4F64-BE06-090CA52B5962}.Debug|Any CPU.Build.0 = Debug|Any CPU
		{9621D94F-932E-4F64-BE06-090CA52B5962}.Release|Any CPU.ActiveCfg = Release|Any CPU
		{9621D94F-932E-4F64-BE06-090CA52B5962}.Release|Any CPU.Build.0 = Release|Any CPU
		{C101901F-AB5B-4067-BB85-9B3580208158}.Debug|Any CPU.ActiveCfg = Debug|Any CPU
		{C101901F-AB5B-4067-BB85-9B3580208158}.Debug|Any CPU.Build.0 = Debug|Any CPU
		{C101901F-AB5B-4067-BB85-9B3580208158}.Release|Any CPU.ActiveCfg = Release|Any CPU
		{C101901F-AB5B-4067-BB85-9B3580208158}.Release|Any CPU.Build.0 = Release|Any CPU
		{5B4D65C0-F533-4D7B-8479-F3120C2392EB}.Debug|Any CPU.ActiveCfg = Debug|Any CPU
		{5B4D65C0-F533-4D7B-8479-F3120C2392EB}.Debug|Any CPU.Build.0 = Debug|Any CPU
		{5B4D65C0-F533-4D7B-8479-F3120C2392EB}.Release|Any CPU.ActiveCfg = Release|Any CPU
		{5B4D65C0-F533-4D7B-8479-F3120C2392EB}.Release|Any CPU.Build.0 = Release|Any CPU
		{C5FED8D1-5099-4229-B23B-EB0C6CBE1B31}.Debug|Any CPU.ActiveCfg = Debug|Any CPU
		{C5FED8D1-5099-4229-B23B-EB0C6CBE1B31}.Debug|Any CPU.Build.0 = Debug|Any CPU
		{C5FED8D1-5099-4229-B23B-EB0C6CBE1B31}.Release|Any CPU.ActiveCfg = Release|Any CPU
		{C5FED8D1-5099-4229-B23B-EB0C6CBE1B31}.Release|Any CPU.Build.0 = Release|Any CPU
		{1E02139E-898E-4538-8E26-BD8F16102E4D}.Debug|Any CPU.ActiveCfg = Debug|Any CPU
		{1E02139E-898E-4538-8E26-BD8F16102E4D}.Debug|Any CPU.Build.0 = Debug|Any CPU
		{1E02139E-898E-4538-8E26-BD8F16102E4D}.Release|Any CPU.ActiveCfg = Release|Any CPU
		{1E02139E-898E-4538-8E26-BD8F16102E4D}.Release|Any CPU.Build.0 = Release|Any CPU
		{2DEDC9EE-283F-434C-8D25-4C151BA2F685}.Debug|Any CPU.ActiveCfg = Debug|Any CPU
		{2DEDC9EE-283F-434C-8D25-4C151BA2F685}.Debug|Any CPU.Build.0 = Debug|Any CPU
		{2DEDC9EE-283F-434C-8D25-4C151BA2F685}.Release|Any CPU.ActiveCfg = Release|Any CPU
		{2DEDC9EE-283F-434C-8D25-4C151BA2F685}.Release|Any CPU.Build.0 = Release|Any CPU
		{820F3F87-080F-442F-A5F1-C1F8BC51C091}.Debug|Any CPU.ActiveCfg = Debug|Any CPU
		{820F3F87-080F-442F-A5F1-C1F8BC51C091}.Debug|Any CPU.Build.0 = Debug|Any CPU
		{820F3F87-080F-442F-A5F1-C1F8BC51C091}.Release|Any CPU.ActiveCfg = Release|Any CPU
		{820F3F87-080F-442F-A5F1-C1F8BC51C091}.Release|Any CPU.Build.0 = Release|Any CPU
		{C66B0BC5-8818-438E-8B2B-9375891A65D5}.Debug|Any CPU.ActiveCfg = Debug|Any CPU
		{C66B0BC5-8818-438E-8B2B-9375891A65D5}.Debug|Any CPU.Build.0 = Debug|Any CPU
		{C66B0BC5-8818-438E-8B2B-9375891A65D5}.Release|Any CPU.ActiveCfg = Release|Any CPU
		{C66B0BC5-8818-438E-8B2B-9375891A65D5}.Release|Any CPU.Build.0 = Release|Any CPU
		{04330309-DE66-41BD-8D86-13F2FFD89A20}.Debug|Any CPU.ActiveCfg = Debug|Any CPU
		{04330309-DE66-41BD-8D86-13F2FFD89A20}.Debug|Any CPU.Build.0 = Debug|Any CPU
		{04330309-DE66-41BD-8D86-13F2FFD89A20}.Release|Any CPU.ActiveCfg = Release|Any CPU
		{04330309-DE66-41BD-8D86-13F2FFD89A20}.Release|Any CPU.Build.0 = Release|Any CPU
		{E5E1BBC8-F9DB-4A80-9ADC-73511997EAF5}.Debug|Any CPU.ActiveCfg = Debug|Any CPU
		{E5E1BBC8-F9DB-4A80-9ADC-73511997EAF5}.Debug|Any CPU.Build.0 = Debug|Any CPU
		{E5E1BBC8-F9DB-4A80-9ADC-73511997EAF5}.Release|Any CPU.ActiveCfg = Release|Any CPU
		{E5E1BBC8-F9DB-4A80-9ADC-73511997EAF5}.Release|Any CPU.Build.0 = Release|Any CPU
		{A8831FD6-8F9D-48F0-8BCE-9E218B68D115}.Debug|Any CPU.ActiveCfg = Debug|Any CPU
		{A8831FD6-8F9D-48F0-8BCE-9E218B68D115}.Debug|Any CPU.Build.0 = Debug|Any CPU
		{A8831FD6-8F9D-48F0-8BCE-9E218B68D115}.Release|Any CPU.ActiveCfg = Release|Any CPU
		{A8831FD6-8F9D-48F0-8BCE-9E218B68D115}.Release|Any CPU.Build.0 = Release|Any CPU
		{024675DD-4FC1-41D2-AD34-C83D3E767A17}.Debug|Any CPU.ActiveCfg = Debug|Any CPU
		{024675DD-4FC1-41D2-AD34-C83D3E767A17}.Debug|Any CPU.Build.0 = Debug|Any CPU
		{024675DD-4FC1-41D2-AD34-C83D3E767A17}.Release|Any CPU.ActiveCfg = Release|Any CPU
		{024675DD-4FC1-41D2-AD34-C83D3E767A17}.Release|Any CPU.Build.0 = Release|Any CPU
		{512E9A90-AD79-4497-9526-BF1076A11DCF}.Debug|Any CPU.ActiveCfg = Debug|Any CPU
		{512E9A90-AD79-4497-9526-BF1076A11DCF}.Debug|Any CPU.Build.0 = Debug|Any CPU
		{512E9A90-AD79-4497-9526-BF1076A11DCF}.Release|Any CPU.ActiveCfg = Release|Any CPU
		{512E9A90-AD79-4497-9526-BF1076A11DCF}.Release|Any CPU.Build.0 = Release|Any CPU
		{71185BE7-919D-4E24-AC2F-86B95B6457CD}.Debug|Any CPU.ActiveCfg = Debug|Any CPU
		{71185BE7-919D-4E24-AC2F-86B95B6457CD}.Debug|Any CPU.Build.0 = Debug|Any CPU
		{71185BE7-919D-4E24-AC2F-86B95B6457CD}.Release|Any CPU.ActiveCfg = Release|Any CPU
		{71185BE7-919D-4E24-AC2F-86B95B6457CD}.Release|Any CPU.Build.0 = Release|Any CPU
		{31986FDE-8C13-4C40-955F-3E2169F196C4}.Debug|Any CPU.ActiveCfg = Debug|Any CPU
		{31986FDE-8C13-4C40-955F-3E2169F196C4}.Debug|Any CPU.Build.0 = Debug|Any CPU
		{31986FDE-8C13-4C40-955F-3E2169F196C4}.Release|Any CPU.ActiveCfg = Release|Any CPU
		{31986FDE-8C13-4C40-955F-3E2169F196C4}.Release|Any CPU.Build.0 = Release|Any CPU
		{66F655F9-26B0-43C9-8D61-902AF1B1C2BE}.Debug|Any CPU.ActiveCfg = Debug|Any CPU
		{66F655F9-26B0-43C9-8D61-902AF1B1C2BE}.Debug|Any CPU.Build.0 = Debug|Any CPU
		{66F655F9-26B0-43C9-8D61-902AF1B1C2BE}.Release|Any CPU.ActiveCfg = Release|Any CPU
		{66F655F9-26B0-43C9-8D61-902AF1B1C2BE}.Release|Any CPU.Build.0 = Release|Any CPU
		{B3E647F2-9F96-4858-A64A-04674ECBA2F7}.Debug|Any CPU.ActiveCfg = Debug|Any CPU
		{B3E647F2-9F96-4858-A64A-04674ECBA2F7}.Debug|Any CPU.Build.0 = Debug|Any CPU
		{B3E647F2-9F96-4858-A64A-04674ECBA2F7}.Release|Any CPU.ActiveCfg = Release|Any CPU
		{B3E647F2-9F96-4858-A64A-04674ECBA2F7}.Release|Any CPU.Build.0 = Release|Any CPU
		{D0024FAD-BD05-4513-A1D3-9E754D0A89CC}.Debug|Any CPU.ActiveCfg = Debug|Any CPU
		{D0024FAD-BD05-4513-A1D3-9E754D0A89CC}.Debug|Any CPU.Build.0 = Debug|Any CPU
		{D0024FAD-BD05-4513-A1D3-9E754D0A89CC}.Release|Any CPU.ActiveCfg = Release|Any CPU
		{D0024FAD-BD05-4513-A1D3-9E754D0A89CC}.Release|Any CPU.Build.0 = Release|Any CPU
		{8C4017C0-FC7C-4805-B85B-0DA1894A1595}.Debug|Any CPU.ActiveCfg = Debug|Any CPU
		{8C4017C0-FC7C-4805-B85B-0DA1894A1595}.Debug|Any CPU.Build.0 = Debug|Any CPU
		{8C4017C0-FC7C-4805-B85B-0DA1894A1595}.Release|Any CPU.ActiveCfg = Release|Any CPU
		{8C4017C0-FC7C-4805-B85B-0DA1894A1595}.Release|Any CPU.Build.0 = Release|Any CPU
		{07E73EA0-474B-45CD-A6CB-6A4FE76A6287}.Debug|Any CPU.ActiveCfg = Debug|Any CPU
		{07E73EA0-474B-45CD-A6CB-6A4FE76A6287}.Debug|Any CPU.Build.0 = Debug|Any CPU
		{07E73EA0-474B-45CD-A6CB-6A4FE76A6287}.Release|Any CPU.ActiveCfg = Release|Any CPU
		{07E73EA0-474B-45CD-A6CB-6A4FE76A6287}.Release|Any CPU.Build.0 = Release|Any CPU
		{307C51E2-C209-4110-AD1F-F0273CA690CD}.Debug|Any CPU.ActiveCfg = Debug|Any CPU
		{307C51E2-C209-4110-AD1F-F0273CA690CD}.Debug|Any CPU.Build.0 = Debug|Any CPU
		{307C51E2-C209-4110-AD1F-F0273CA690CD}.Release|Any CPU.ActiveCfg = Release|Any CPU
		{307C51E2-C209-4110-AD1F-F0273CA690CD}.Release|Any CPU.Build.0 = Release|Any CPU
	EndGlobalSection
	GlobalSection(SolutionProperties) = preSolution
		HideSolutionNode = FALSE
	EndGlobalSection
	GlobalSection(NestedProjects) = preSolution
		{5B0FA313-655F-466D-8376-E126871A30E2} = {2569AC18-B196-49C8-B3E1-78ABA8148CDC}
		{A084FFC1-325D-4D1E-94C2-1369C8FC737F} = {6E60B3D9-C527-4DCF-BE85-9DD1AD502643}
		{ACF68121-D323-42C4-9D63-4334D6D8D497} = {6E60B3D9-C527-4DCF-BE85-9DD1AD502643}
		{9D606D22-DE39-499E-AE64-BD0B392AB941} = {6E60B3D9-C527-4DCF-BE85-9DD1AD502643}
		{B78142E6-D917-4F24-9152-0D14A7F19692} = {6E60B3D9-C527-4DCF-BE85-9DD1AD502643}
		{7C7D9B6E-ECA3-4623-AC03-69D71EDE4BFF} = {6E60B3D9-C527-4DCF-BE85-9DD1AD502643}
		{2058D3DA-2090-4EB6-882D-39AA76C8EF8F} = {6E60B3D9-C527-4DCF-BE85-9DD1AD502643}
		{293EB898-D8A7-4F16-9290-DB5C1FE47B1F} = {6E60B3D9-C527-4DCF-BE85-9DD1AD502643}
		{949F9D03-93E8-4865-B0B7-B8A2F4820FC7} = {6E60B3D9-C527-4DCF-BE85-9DD1AD502643}
		{F870D341-0E22-45BF-BF19-009F5427BEFE} = {6E60B3D9-C527-4DCF-BE85-9DD1AD502643}
		{9621D94F-932E-4F64-BE06-090CA52B5962} = {6E60B3D9-C527-4DCF-BE85-9DD1AD502643}
		{C101901F-AB5B-4067-BB85-9B3580208158} = {6E60B3D9-C527-4DCF-BE85-9DD1AD502643}
		{5B4D65C0-F533-4D7B-8479-F3120C2392EB} = {5B0FA313-655F-466D-8376-E126871A30E2}
		{C5FED8D1-5099-4229-B23B-EB0C6CBE1B31} = {5B0FA313-655F-466D-8376-E126871A30E2}
		{1E02139E-898E-4538-8E26-BD8F16102E4D} = {5B0FA313-655F-466D-8376-E126871A30E2}
		{2DEDC9EE-283F-434C-8D25-4C151BA2F685} = {5B0FA313-655F-466D-8376-E126871A30E2}
		{820F3F87-080F-442F-A5F1-C1F8BC51C091} = {5B0FA313-655F-466D-8376-E126871A30E2}
		{C66B0BC5-8818-438E-8B2B-9375891A65D5} = {5B0FA313-655F-466D-8376-E126871A30E2}
		{04330309-DE66-41BD-8D86-13F2FFD89A20} = {5B0FA313-655F-466D-8376-E126871A30E2}
		{E5E1BBC8-F9DB-4A80-9ADC-73511997EAF5} = {5B0FA313-655F-466D-8376-E126871A30E2}
		{A8831FD6-8F9D-48F0-8BCE-9E218B68D115} = {5B0FA313-655F-466D-8376-E126871A30E2}
		{024675DD-4FC1-41D2-AD34-C83D3E767A17} = {5B0FA313-655F-466D-8376-E126871A30E2}
		{512E9A90-AD79-4497-9526-BF1076A11DCF} = {5B0FA313-655F-466D-8376-E126871A30E2}
		{71185BE7-919D-4E24-AC2F-86B95B6457CD} = {5B0FA313-655F-466D-8376-E126871A30E2}
		{383C4438-FEB7-4797-90D1-8C9DC20FB2A5} = {62B696A9-D903-4211-AE85-C1198FF372E4}
		{6C8F7C7B-BAEA-4918-A204-1C91BCF0651D} = {383C4438-FEB7-4797-90D1-8C9DC20FB2A5}
		{AB00F7B7-A9D3-42C8-AB64-6E8C4F7F9E14} = {2569AC18-B196-49C8-B3E1-78ABA8148CDC}
		{31986FDE-8C13-4C40-955F-3E2169F196C4} = {AB00F7B7-A9D3-42C8-AB64-6E8C4F7F9E14}
		{66F655F9-26B0-43C9-8D61-902AF1B1C2BE} = {AB00F7B7-A9D3-42C8-AB64-6E8C4F7F9E14}
		{2A93399A-246F-4EC8-BAAB-0F386AB6D61D} = {737D49E0-A230-4E04-9396-8B47F27FBDF9}
		{C0BE7831-EA19-48C0-9E9B-BC783C55ABC5} = {2A93399A-246F-4EC8-BAAB-0F386AB6D61D}
		{2709C501-9C32-464C-967F-122276B82329} = {2A93399A-246F-4EC8-BAAB-0F386AB6D61D}
		{9794DACF-09E4-4044-BFDC-678EDC2FC849} = {2709C501-9C32-464C-967F-122276B82329}
		{B3E647F2-9F96-4858-A64A-04674ECBA2F7} = {C0BE7831-EA19-48C0-9E9B-BC783C55ABC5}
		{D0024FAD-BD05-4513-A1D3-9E754D0A89CC} = {C0BE7831-EA19-48C0-9E9B-BC783C55ABC5}
		{8C4017C0-FC7C-4805-B85B-0DA1894A1595} = {C0BE7831-EA19-48C0-9E9B-BC783C55ABC5}
		{07E73EA0-474B-45CD-A6CB-6A4FE76A6287} = {C0BE7831-EA19-48C0-9E9B-BC783C55ABC5}
		{307C51E2-C209-4110-AD1F-F0273CA690CD} = {C0BE7831-EA19-48C0-9E9B-BC783C55ABC5}
	EndGlobalSection
EndGlobal
